
Microsoft Visual Studio Solution File, Format Version 12.00
# Visual Studio Version 16
VisualStudioVersion = 16.0.31424.327
MinimumVisualStudioVersion = 10.0.40219.1
Project("{FAE04EC0-301F-11D3-BF4B-00C04F79EFBC}") = "PointStructureApp", "PointStructureApp.csproj", "{0E626DD5-A7B3-42CC-8E66-CAFC58555764}"
EndProject
Global
	GlobalSection(SolutionConfigurationPlatforms) = preSolution
		Debug|Any CPU = Debug|Any CPU
		Release|Any CPU = Release|Any CPU
	EndGlobalSection
	GlobalSection(ProjectConfigurationPlatforms) = postSolution
		{0E626DD5-A7B3-42CC-8E66-CAFC58555764}.Debug|Any CPU.ActiveCfg = Debug|Any CPU
		{0E626DD5-A7B3-42CC-8E66-CAFC58555764}.Debug|Any CPU.Build.0 = Debug|Any CPU
		{0E626DD5-A7B3-42CC-8E66-CAFC58555764}.Release|Any CPU.ActiveCfg = Release|Any CPU
		{0E626DD5-A7B3-42CC-8E66-CAFC58555764}.Release|Any CPU.Build.0 = Release|Any CPU
	EndGlobalSection
	GlobalSection(SolutionProperties) = preSolution
		HideSolutionNode = FALSE
	EndGlobalSection
	GlobalSection(ExtensibilityGlobals) = postSolution
		SolutionGuid = {825DFE2C-B8D8-4345-9322-A173F2CFA34A}
	EndGlobalSection
EndGlobal
